// !$*UTF8*$!
{
	archiveVersion = 1;
	classes = {
	};
	objectVersion = 56;
	objects = {

/* Begin PBXBuildFile section */
		9A809CF62A5F79CB00FCA9FD /* shapes.cc in Sources */ = {isa = PBXBuildFile; fileRef = 9A809CF02A5F79CA00FCA9FD /* shapes.cc */; };
		9A809CF72A5F79CB00FCA9FD /* sweep.cc in Sources */ = {isa = PBXBuildFile; fileRef = 9A809CF22A5F79CA00FCA9FD /* sweep.cc */; };
		9A809CF82A5F79CB00FCA9FD /* sweep_context.cc in Sources */ = {isa = PBXBuildFile; fileRef = 9A809CF32A5F79CA00FCA9FD /* sweep_context.cc */; };
		9A809CF92A5F79CB00FCA9FD /* cdt.cc in Sources */ = {isa = PBXBuildFile; fileRef = 9A809CF42A5F79CA00FCA9FD /* cdt.cc */; };
		9A809CFA2A5F79CB00FCA9FD /* advancing_front.cc in Sources */ = {isa = PBXBuildFile; fileRef = 9A809CF52A5F79CA00FCA9FD /* advancing_front.cc */; };
/* End PBXBuildFile section */

/* Begin PBXFileReference section */
		9A809CB72A5F764400FCA9FD /* libpoly2tri.dylib */ = {isa = PBXFileReference; explicitFileType = "compiled.mach-o.dylib"; includeInIndex = 0; path = libpoly2tri.dylib; sourceTree = BUILT_PRODUCTS_DIR; };
		9A809CF02A5F79CA00FCA9FD /* shapes.cc */ = {isa = PBXFileReference; fileEncoding = 4; lastKnownFileType = sourcecode.cpp.cpp; path = shapes.cc; sourceTree = "<group>"; };
		9A809CF22A5F79CA00FCA9FD /* sweep.cc */ = {isa = PBXFileReference; fileEncoding = 4; lastKnownFileType = sourcecode.cpp.cpp; path = sweep.cc; sourceTree = "<group>"; };
		9A809CF32A5F79CA00FCA9FD /* sweep_context.cc */ = {isa = PBXFileReference; fileEncoding = 4; lastKnownFileType = sourcecode.cpp.cpp; path = sweep_context.cc; sourceTree = "<group>"; };
		9A809CF42A5F79CA00FCA9FD /* cdt.cc */ = {isa = PBXFileReference; fileEncoding = 4; lastKnownFileType = sourcecode.cpp.cpp; path = cdt.cc; sourceTree = "<group>"; };
		9A809CF52A5F79CA00FCA9FD /* advancing_front.cc */ = {isa = PBXFileReference; fileEncoding = 4; lastKnownFileType = sourcecode.cpp.cpp; path = advancing_front.cc; sourceTree = "<group>"; };
/* End PBXFileReference section */

/* Begin PBXFrameworksBuildPhase section */
		9A809CB52A5F764400FCA9FD /* Frameworks */ = {
			isa = PBXFrameworksBuildPhase;
			buildActionMask = 2147483647;
			files = (
			);
			runOnlyForDeploymentPostprocessing = 0;
		};
/* End PBXFrameworksBuildPhase section */

/* Begin PBXGroup section */
		9A809CAE2A5F764400FCA9FD = {
			isa = PBXGroup;
			children = (
				9A809CEE2A5F799F00FCA9FD /* poly2tri */,
				9A809CB82A5F764400FCA9FD /* Products */,
			);
			sourceTree = "<group>";
		};
		9A809CB82A5F764400FCA9FD /* Products */ = {
			isa = PBXGroup;
			children = (
				9A809CB72A5F764400FCA9FD /* libpoly2tri.dylib */,
			);
			name = Products;
			sourceTree = "<group>";
		};
		9A809CEE2A5F799F00FCA9FD /* poly2tri */ = {
			isa = PBXGroup;
			children = (
				9A809CEF2A5F79CA00FCA9FD /* common */,
				9A809CF12A5F79CA00FCA9FD /* sweep */,
			);
			name = poly2tri;
			sourceTree = "<group>";
		};
		9A809CEF2A5F79CA00FCA9FD /* common */ = {
			isa = PBXGroup;
			children = (
				9A809CF02A5F79CA00FCA9FD /* shapes.cc */,
			);
			path = common;
			sourceTree = "<group>";
		};
		9A809CF12A5F79CA00FCA9FD /* sweep */ = {
			isa = PBXGroup;
			children = (
				9A809CF22A5F79CA00FCA9FD /* sweep.cc */,
				9A809CF32A5F79CA00FCA9FD /* sweep_context.cc */,
				9A809CF42A5F79CA00FCA9FD /* cdt.cc */,
				9A809CF52A5F79CA00FCA9FD /* advancing_front.cc */,
			);
			path = sweep;
			sourceTree = "<group>";
		};
/* End PBXGroup section */

/* Begin PBXHeadersBuildPhase section */
		9A809CB32A5F764400FCA9FD /* Headers */ = {
			isa = PBXHeadersBuildPhase;
			buildActionMask = 2147483647;
			files = (
			);
			runOnlyForDeploymentPostprocessing = 0;
		};
/* End PBXHeadersBuildPhase section */

/* Begin PBXNativeTarget section */
		9A809CB62A5F764400FCA9FD /* poly2tri */ = {
			isa = PBXNativeTarget;
			buildConfigurationList = 9A809CBB2A5F764400FCA9FD /* Build configuration list for PBXNativeTarget "poly2tri" */;
			buildPhases = (
				9A809CB32A5F764400FCA9FD /* Headers */,
				9A809CB42A5F764400FCA9FD /* Sources */,
				9A809CB52A5F764400FCA9FD /* Frameworks */,
			);
			buildRules = (
			);
			dependencies = (
			);
			name = poly2tri;
			productName = poly2tri;
			productReference = 9A809CB72A5F764400FCA9FD /* libpoly2tri.dylib */;
			productType = "com.apple.product-type.library.dynamic";
		};
/* End PBXNativeTarget section */

/* Begin PBXProject section */
		9A809CAF2A5F764400FCA9FD /* Project object */ = {
			isa = PBXProject;
			attributes = {
				BuildIndependentTargetsInParallel = 1;
				LastUpgradeCheck = 1430;
				TargetAttributes = {
					9A809CB62A5F764400FCA9FD = {
						CreatedOnToolsVersion = 14.3.1;
					};
				};
			};
			buildConfigurationList = 9A809CB22A5F764400FCA9FD /* Build configuration list for PBXProject "poly2tri" */;
			compatibilityVersion = "Xcode 14.0";
			developmentRegion = en;
			hasScannedForEncodings = 0;
			knownRegions = (
				en,
				Base,
			);
			mainGroup = 9A809CAE2A5F764400FCA9FD;
			productRefGroup = 9A809CB82A5F764400FCA9FD /* Products */;
			projectDirPath = "";
			projectRoot = "";
			targets = (
				9A809CB62A5F764400FCA9FD /* poly2tri */,
			);
		};
/* End PBXProject section */

/* Begin PBXSourcesBuildPhase section */
		9A809CB42A5F764400FCA9FD /* Sources */ = {
			isa = PBXSourcesBuildPhase;
			buildActionMask = 2147483647;
			files = (
				9A809CFA2A5F79CB00FCA9FD /* advancing_front.cc in Sources */,
				9A809CF82A5F79CB00FCA9FD /* sweep_context.cc in Sources */,
				9A809CF92A5F79CB00FCA9FD /* cdt.cc in Sources */,
				9A809CF72A5F79CB00FCA9FD /* sweep.cc in Sources */,
				9A809CF62A5F79CB00FCA9FD /* shapes.cc in Sources */,
			);
			runOnlyForDeploymentPostprocessing = 0;
		};
/* End PBXSourcesBuildPhase section */

/* Begin XCBuildConfiguration section */
		9A809CB92A5F764400FCA9FD /* Debug */ = {
			isa = XCBuildConfiguration;
			buildSettings = {
				ALWAYS_SEARCH_USER_PATHS = NO;
				CLANG_ANALYZER_NONNULL = YES;
				CLANG_ANALYZER_NUMBER_OBJECT_CONVERSION = YES_AGGRESSIVE;
				CLANG_CXX_LANGUAGE_STANDARD = "c++20";
				CLANG_ENABLE_OBJC_ARC = YES;
				CLANG_ENABLE_OBJC_WEAK = YES;
				CLANG_WARN_BLOCK_CAPTURE_AUTORELEASING = YES;
				CLANG_WARN_BOOL_CONVERSION = YES;
				CLANG_WARN_CONSTANT_CONVERSION = YES;
				CLANG_WARN_DEPRECATED_OBJC_IMPLEMENTATIONS = YES;
				CLANG_WARN_DIRECT_OBJC_ISA_USAGE = YES_ERROR;
				CLANG_WARN_EMPTY_BODY = YES;
				CLANG_WARN_ENUM_CONVERSION = YES;
				CLANG_WARN_INFINITE_RECURSION = YES;
				CLANG_WARN_INT_CONVERSION = YES;
				CLANG_WARN_NON_LITERAL_NULL_CONVERSION = YES;
				CLANG_WARN_OBJC_IMPLICIT_RETAIN_SELF = YES;
				CLANG_WARN_OBJC_LITERAL_CONVERSION = YES;
				CLANG_WARN_OBJC_ROOT_CLASS = YES_ERROR;
				CLANG_WARN_QUOTED_INCLUDE_IN_FRAMEWORK_HEADER = YES;
				CLANG_WARN_RANGE_LOOP_ANALYSIS = YES;
				CLANG_WARN_STRICT_PROTOTYPES = YES;
				CLANG_WARN_SUSPICIOUS_MOVE = YES;
				CLANG_WARN_UNGUARDED_AVAILABILITY = YES_AGGRESSIVE;
				CLANG_WARN_UNREACHABLE_CODE = YES;
				CLANG_WARN__DUPLICATE_METHOD_MATCH = YES;
				CODE_SIGN_IDENTITY = "Apple Development";
				COPY_PHASE_STRIP = NO;
				DEAD_CODE_STRIPPING = YES;
				DEBUG_INFORMATION_FORMAT = dwarf;
				DEVELOPMENT_TEAM = L8N5V6TZE5;
				ENABLE_STRICT_OBJC_MSGSEND = YES;
				ENABLE_TESTABILITY = YES;
				EXECUTABLE_PREFIX = lib;
				GCC_C_LANGUAGE_STANDARD = c11;
				GCC_DYNAMIC_NO_PIC = NO;
				GCC_NO_COMMON_BLOCKS = YES;
				GCC_OPTIMIZATION_LEVEL = 0;
				GCC_PREPROCESSOR_DEFINITIONS = (
					"DEBUG=1",
					"$(inherited)",
				);
				GCC_WARN_64_TO_32_BIT_CONVERSION = YES;
				GCC_WARN_ABOUT_RETURN_TYPE = YES_ERROR;
				GCC_WARN_UNDECLARED_SELECTOR = YES;
				GCC_WARN_UNINITIALIZED_AUTOS = YES_AGGRESSIVE;
				GCC_WARN_UNUSED_FUNCTION = YES;
				GCC_WARN_UNUSED_VARIABLE = YES;
				HEADER_SEARCH_PATHS = "";
				INSTALL_PATH = "@executable_path";
				IPHONEOS_DEPLOYMENT_TARGET = 12.0;
				LD_RUNPATH_SEARCH_PATHS = "@executable_path";
				LIBRARY_SEARCH_PATHS = (
					"$(inherited)",
					"$(WorkspaceDir)/../operating_system/storage-$(PLATFORM_MODIFIER)/library",
				);
				ONLY_ACTIVE_ARCH = YES;
				OTHER_LDFLAGS = "-all_load";
				PRODUCT_NAME = "$(TARGET_NAME)";
				SDKROOT = macosx;
				SKIP_INSTALL = YES;
				STRIP_INSTALLED_PRODUCT = NO;
				SYSTEM_HEADER_SEARCH_PATHS = "";
				USER_HEADER_SEARCH_PATHS = (
					"$(WorkspaceDir)/operating_system/operating_system-$(PLATFORM_MODIFIER)/include",
					"$(WorkspaceDir)/port/include",
					"$(PROJECT_DIR)",
					"$(PROJECT_DIR)/include/$(PROJECT_NAME)",
				);
				USE_HEADERMAP = NO;
				WorkspaceDir = "$(SRCROOT)/../../..";
			};
			name = Debug;
		};
		9A809CBA2A5F764400FCA9FD /* Release */ = {
			isa = XCBuildConfiguration;
			buildSettings = {
				ALWAYS_SEARCH_USER_PATHS = NO;
				CLANG_ANALYZER_NONNULL = YES;
				CLANG_ANALYZER_NUMBER_OBJECT_CONVERSION = YES_AGGRESSIVE;
				CLANG_CXX_LANGUAGE_STANDARD = "c++20";
				CLANG_ENABLE_OBJC_ARC = YES;
				CLANG_ENABLE_OBJC_WEAK = YES;
				CLANG_WARN_BLOCK_CAPTURE_AUTORELEASING = YES;
				CLANG_WARN_BOOL_CONVERSION = YES;
				CLANG_WARN_CONSTANT_CONVERSION = YES;
				CLANG_WARN_DEPRECATED_OBJC_IMPLEMENTATIONS = YES;
				CLANG_WARN_DIRECT_OBJC_ISA_USAGE = YES_ERROR;
				CLANG_WARN_EMPTY_BODY = YES;
				CLANG_WARN_ENUM_CONVERSION = YES;
				CLANG_WARN_INFINITE_RECURSION = YES;
				CLANG_WARN_INT_CONVERSION = YES;
				CLANG_WARN_NON_LITERAL_NULL_CONVERSION = YES;
				CLANG_WARN_OBJC_IMPLICIT_RETAIN_SELF = YES;
				CLANG_WARN_OBJC_LITERAL_CONVERSION = YES;
				CLANG_WARN_OBJC_ROOT_CLASS = YES_ERROR;
				CLANG_WARN_QUOTED_INCLUDE_IN_FRAMEWORK_HEADER = YES;
				CLANG_WARN_RANGE_LOOP_ANALYSIS = YES;
				CLANG_WARN_STRICT_PROTOTYPES = YES;
				CLANG_WARN_SUSPICIOUS_MOVE = YES;
				CLANG_WARN_UNGUARDED_AVAILABILITY = YES_AGGRESSIVE;
				CLANG_WARN_UNREACHABLE_CODE = YES;
				CLANG_WARN__DUPLICATE_METHOD_MATCH = YES;
				CODE_SIGN_IDENTITY = "Apple Development";
				COPY_PHASE_STRIP = NO;
				DEAD_CODE_STRIPPING = YES;
				DEBUG_INFORMATION_FORMAT = "dwarf-with-dsym";
				DEVELOPMENT_TEAM = L8N5V6TZE5;
				ENABLE_HARDENED_RUNTIME = YES;
				ENABLE_NS_ASSERTIONS = NO;
				ENABLE_STRICT_OBJC_MSGSEND = YES;
				EXECUTABLE_PREFIX = lib;
				GCC_C_LANGUAGE_STANDARD = c11;
				GCC_NO_COMMON_BLOCKS = YES;
				GCC_WARN_64_TO_32_BIT_CONVERSION = YES;
				GCC_WARN_ABOUT_RETURN_TYPE = YES_ERROR;
				GCC_WARN_UNDECLARED_SELECTOR = YES;
				GCC_WARN_UNINITIALIZED_AUTOS = YES_AGGRESSIVE;
				GCC_WARN_UNUSED_FUNCTION = YES;
				GCC_WARN_UNUSED_VARIABLE = YES;
				HEADER_SEARCH_PATHS = "";
				INSTALL_PATH = "@executable_path";
				IPHONEOS_DEPLOYMENT_TARGET = 12.0;
				LD_RUNPATH_SEARCH_PATHS = "@executable_path";
				LIBRARY_SEARCH_PATHS = (
					"$(inherited)",
					"$(WorkspaceDir)/../operating_system/storage-$(PLATFORM_MODIFIER)/library",
				);
				OTHER_LDFLAGS = "-all_load";
				PRODUCT_NAME = "$(TARGET_NAME)";
				SDKROOT = macosx;
				SKIP_INSTALL = YES;
				STRIP_INSTALLED_PRODUCT = NO;
				SYSTEM_HEADER_SEARCH_PATHS = "";
				USER_HEADER_SEARCH_PATHS = (
					"$(WorkspaceDir)/operating_system/operating_system-$(PLATFORM_MODIFIER)/include",
					"$(WorkspaceDir)/port/include",
					"$(PROJECT_DIR)",
					"$(PROJECT_DIR)/include/$(PROJECT_NAME)",
				);
				USE_HEADERMAP = NO;
				WorkspaceDir = "$(SRCROOT)/../../..";
			};
			name = Release;
		};
		9A809CBC2A5F764400FCA9FD /* Debug */ = {
			isa = XCBuildConfiguration;
			buildSettings = {
				PLATFORM_MODIFIER = macos;
			};
			name = Debug;
		};
		9A809CBD2A5F764400FCA9FD /* Release */ = {
			isa = XCBuildConfiguration;
			buildSettings = {
				PLATFORM_MODIFIER = macos;
			};
			name = Release;
		};
/* End XCBuildConfiguration section */

/* Begin XCConfigurationList section */
		9A809CB22A5F764400FCA9FD /* Build configuration list for PBXProject "poly2tri" */ = {
			isa = XCConfigurationList;
			buildConfigurations = (
				9A809CB92A5F764400FCA9FD /* Debug */,
				9A809CBA2A5F764400FCA9FD /* Release */,
			);
			defaultConfigurationIsVisible = 0;
			defaultConfigurationName = Release;
		};
		9A809CBB2A5F764400FCA9FD /* Build configuration list for PBXNativeTarget "poly2tri" */ = {
			isa = XCConfigurationList;
			buildConfigurations = (
				9A809CBC2A5F764400FCA9FD /* Debug */,
				9A809CBD2A5F764400FCA9FD /* Release */,
			);
			defaultConfigurationIsVisible = 0;
			defaultConfigurationName = Release;
		};
/* End XCConfigurationList section */
	};
	rootObject = 9A809CAF2A5F764400FCA9FD /* Project object */;
}
